
Microsoft Visual Studio Solution File, Format Version 12.00
# Visual Studio Version 17
VisualStudioVersion = 17.5.33502.453
MinimumVisualStudioVersion = 10.0.40219.1
Project("{FAE04EC0-301F-11D3-BF4B-00C04F79EFBC}") = "PredPrak", "PredPrak\PredPrak.csproj", "{3ADB0847-AE78-4DF3-8536-ACB4416DA7EB}"
EndProject
Project("{FAE04EC0-301F-11D3-BF4B-00C04F79EFBC}") = "UnitTestProject1", "UnitTestProject1\UnitTestProject1.csproj", "{5201702D-9AAD-48C3-A6FF-3CCABADDB4F9}"
EndProject
Global
	GlobalSection(SolutionConfigurationPlatforms) = preSolution
		Debug|Any CPU = Debug|Any CPU
		Release|Any CPU = Release|Any CPU
	EndGlobalSection
	GlobalSection(ProjectConfigurationPlatforms) = postSolution
		{3ADB0847-AE78-4DF3-8536-ACB4416DA7EB}.Debug|Any CPU.ActiveCfg = Debug|Any CPU
		{3ADB0847-AE78-4DF3-8536-ACB4416DA7EB}.Debug|Any CPU.Build.0 = Debug|Any CPU
		{3ADB0847-AE78-4DF3-8536-ACB4416DA7EB}.Release|Any CPU.ActiveCfg = Release|Any CPU
		{3ADB0847-AE78-4DF3-8536-ACB4416DA7EB}.Release|Any CPU.Build.0 = Release|Any CPU
		{5201702D-9AAD-48C3-A6FF-3CCABADDB4F9}.Debug|Any CPU.ActiveCfg = Debug|Any CPU
		{5201702D-9AAD-48C3-A6FF-3CCABADDB4F9}.Debug|Any CPU.Build.0 = Debug|Any CPU
		{5201702D-9AAD-48C3-A6FF-3CCABADDB4F9}.Release|Any CPU.ActiveCfg = Release|Any CPU
		{5201702D-9AAD-48C3-A6FF-3CCABADDB4F9}.Release|Any CPU.Build.0 = Release|Any CPU
	EndGlobalSection
	GlobalSection(SolutionProperties) = preSolution
		HideSolutionNode = FALSE
	EndGlobalSection
	GlobalSection(ExtensibilityGlobals) = postSolution
		SolutionGuid = {CB0B0E82-CC31-442D-8822-27CBECA4F3D3}
	EndGlobalSection
EndGlobal
